<?xml version="1.0" encoding="utf-8"?>
<Project ToolsVersion="4.0" xmlns="http://schemas.microsoft.com/developer/msbuild/2003">
  <ItemGroup>
    <Filter Include="Source Files">
      <UniqueIdentifier>{4FC737F1-C7A5-4376-A066-2A32D752A2FF}</UniqueIdentifier>
      <Extensions>cpp;c;cc;cxx;c++;cppm;ixx;def;odl;idl;hpj;bat;asm;asmx</Extensions>
    </Filter>
    <Filter Include="Header Files">
      <UniqueIdentifier>{93995380-89BD-4b04-88EB-625FBE52EBFB}</UniqueIdentifier>
      <Extensions>h;hh;hpp;hxx;h++;hm;inl;inc;ipp;xsd</Extensions>
    </Filter>
    <Filter Include="Resource Files">
      <UniqueIdentifier>{67DA6AB6-F800-4c08-8B7A-83BB121AAD01}</UniqueIdentifier>
      <Extensions>rc;ico;cur;bmp;dlg;rc2;rct;bin;rgs;gif;jpg;jpeg;jpe;resx;tiff;tif;png;wav;mfcribbon-ms</Extensions>
    </Filter>
  </ItemGroup>
  <ItemGroup>
    <ClCompile Include="extern\imgui\backends\imgui_impl_dx11.cpp">
      <Filter>Source Files</Filter>
    </ClCompile>
    <ClCompile Include="extern\imgui\backends\imgui_impl_win32.cpp">
      <Filter>Source Files</Filter>
    </ClCompile>
    <ClCompile Include="extern\imgui\imgui.cpp">
      <Filter>Source Files</Filter>
    </ClCompile>
    <ClCompile Include="extern\imgui\imgui_draw.cpp">
      <Filter>Source Files</Filter>
    </ClCompile>
    <ClCompile Include="extern\imgui\imgui_tables.cpp">
      <Filter>Source Files</Filter>
    </ClCompile>
    <ClCompile Include="extern\imgui\imgui_widgets.cpp">
      <Filter>Source Files</Filter>
    </ClCompile>
    <ClCompile Include="extern\imgui\misc\cpp\imgui_stdlib.cpp">
      <Filter>Source Files</Filter>
    </ClCompile>
    <ClCompile Include="extern\imgui\misc\freetype\imgui_freetype.cpp">
      <Filter>Source Files</Filter>
    </ClCompile>
    <ClCompile Include="extern\text_editor\TextEditor.cpp">
      <Filter>Source Files</Filter>
    </ClCompile>
    <ClCompile Include="source\cache\dead_body_cache.cpp">
      <Filter>Source Files</Filter>
    </ClCompile>
    <ClCompile Include="source\cache\local_player_cache.cpp">
      <Filter>Source Files</Filter>
    </ClCompile>
    <ClCompile Include="source\cache\player_cache.cpp">
      <Filter>Source Files</Filter>
    </ClCompile>
    <ClCompile Include="source\configs\config_manager.cpp">
      <Filter>Source Files</Filter>
    </ClCompile>
    <ClCompile Include="source\lua\datamodel.cpp">
      <Filter>Source Files</Filter>
    </ClCompile>
    <ClCompile Include="source\lua\instance.cpp">
      <Filter>Source Files</Filter>
    </ClCompile>
    <ClCompile Include="source\lua\lua_console.cpp">
      <Filter>Source Files</Filter>
    </ClCompile>
    <ClCompile Include="source\lua\lua_drawing.cpp">
      <Filter>Source Files</Filter>
    </ClCompile>
    <ClCompile Include="source\lua\lua_ui_bridge.cpp">
      <Filter>Source Files</Filter>
    </ClCompile>
    <ClCompile Include="source\lua\lua_vm.cpp">
      <Filter>Source Files</Filter>
    </ClCompile>
    <ClCompile Include="source\lua\script_storage.cpp">
      <Filter>Source Files</Filter>
    </ClCompile>
    <ClCompile Include="source\lua\services_lighting.cpp">
      <Filter>Source Files</Filter>
    </ClCompile>
    <ClCompile Include="source\lua\services_players.cpp">
      <Filter>Source Files</Filter>
    </ClCompile>
    <ClCompile Include="source\lua\services_run_service.cpp">
      <Filter>Source Files</Filter>
    </ClCompile>
    <ClCompile Include="source\lua\services_user_input_service.cpp">
      <Filter>Source Files</Filter>
    </ClCompile>
    <ClCompile Include="source\lua\services_workspace.cpp">
      <Filter>Source Files</Filter>
    </ClCompile>
    <ClCompile Include="source\features\aimbot.cpp">
      <Filter>Source Files</Filter>
    </ClCompile>
    <ClCompile Include="source\features\arm_modifier.cpp">
      <Filter>Source Files</Filter>
    </ClCompile>
    <ClCompile Include="source\features\esp.cpp">
      <Filter>Source Files</Filter>
    </ClCompile>
    <ClCompile Include="source\features\free_aim.cpp">
      <Filter>Source Files</Filter>
    </ClCompile>
    <ClCompile Include="source\features\pf_silent.cpp">
      <Filter>Source Files</Filter>
    </ClCompile>
    <ClCompile Include="source\features\triggerbot.cpp">
      <Filter>Source Files</Filter>
    </ClCompile>
    <ClCompile Include="source\features\lighting.cpp">
      <Filter>Source Files</Filter>
    </ClCompile>
    <ClCompile Include="source\features\visibility.cpp">
      <Filter>Source Files</Filter>
    </ClCompile>
    <ClCompile Include="source\utils\tinygltf_stb.cpp">
      <Filter>Source Files</Filter>
    </ClCompile>
    <ClCompile Include="extern\clipper2\src\clipper.engine.cpp">
      <Filter>Source Files</Filter>
    </ClCompile>
    <ClCompile Include="extern\clipper2\src\clipper.offset.cpp">
      <Filter>Source Files</Filter>
    </ClCompile>
    <ClCompile Include="extern\clipper2\src\clipper.rectclip.cpp">
      <Filter>Source Files</Filter>
    </ClCompile>
    <ClCompile Include="source\gui\imgui_initialize.cpp">
      <Filter>Source Files</Filter>
    </ClCompile>
    <ClCompile Include="source\gui\menu\menu.cpp">
      <Filter>Source Files</Filter>
    </ClCompile>
    <ClCompile Include="source\gui\overlay.cpp">
      <Filter>Source Files</Filter>
    </ClCompile>
    <ClCompile Include="source\gui\assistant.cpp">
      <Filter>Source Files</Filter>
    </ClCompile>
    <ClCompile Include="source\gui\widgets\button\button.cpp">
      <Filter>Source Files</Filter>
    </ClCompile>
    <ClCompile Include="source\gui\widgets\checkbox\checkbox.cpp">
      <Filter>Source Files</Filter>
    </ClCompile>
    <ClCompile Include="source\gui\widgets\child\child.cpp">
      <Filter>Source Files</Filter>
    </ClCompile>
    <ClCompile Include="source\gui\widgets\colorpicker\colorpicker.cpp">
      <Filter>Source Files</Filter>
    </ClCompile>
    <ClCompile Include="source\gui\widgets\dropdown\dropdown.cpp">
      <Filter>Source Files</Filter>
    </ClCompile>
    <ClCompile Include="source\gui\widgets\input\input.cpp">
      <Filter>Source Files</Filter>
    </ClCompile>
    <ClCompile Include="source\gui\widgets\keybind\keybind.cpp">
      <Filter>Source Files</Filter>
    </ClCompile>
    <ClCompile Include="source\gui\widgets\slider\slider.cpp">
      <Filter>Source Files</Filter>
    </ClCompile>
    <ClCompile Include="source\gui\widgets\text\text.cpp">
      <Filter>Source Files</Filter>
    </ClCompile>
    <ClCompile Include="source\main.cpp">
      <Filter>Source Files</Filter>
    </ClCompile>
    <ClCompile Include="source\entry_point.cpp">
      <Filter>Source Files</Filter>
    </ClCompile>
    <ClCompile Include="extern\auth\auth.cpp">
      <Filter>Source Files</Filter>
    </ClCompile>
    <ClCompile Include="source\memory\memory.cpp">
      <Filter>Source Files</Filter>
    </ClCompile>
    <ClCompile Include="source\sdk\engine.cpp">
      <Filter>Source Files</Filter>
    </ClCompile>
    <ClCompile Include="source\sdk\instance.cpp">
      <Filter>Source Files</Filter>
    </ClCompile>
    <ClCompile Include="source\sdk\mesh_part.cpp">
      <Filter>Source Files</Filter>
    </ClCompile>
    <ClCompile Include="source\utils\console.cpp">
      <Filter>Source Files</Filter>
    </ClCompile>
    <ClCompile Include="source\utils\logger.cpp">
      <Filter>Source Files</Filter>
    </ClCompile>
    <ClCompile Include="source\utils\window_utils.cpp">
      <Filter>Source Files</Filter>
    </ClCompile>
    <ClCompile Include="source\features\hacks.cpp">
      <Filter>Source Files</Filter>
    </ClCompile>
    <ClCompile Include="extern\resources\fonts\logo.c">
      <Filter>Source Files</Filter>
    </ClCompile>
    <ClCompile Include="source\features\shooter.cpp">
      <Filter>Source Files</Filter>
    </ClCompile>
    <ClCompile Include="source\features\tests.cpp">
      <Filter>Source Files</Filter>
    </ClCompile>
    <ClCompile Include="source\lua\lua_ui.cpp">
      <Filter>Source Files</Filter>
    </ClCompile>
  </ItemGroup>
  <ItemGroup>
    <MASM Include="source\memory\luck.asm">
      <Filter>Source Files</Filter>
    </MASM>
  </ItemGroup>
  <ItemGroup>
    <ClInclude Include="extern\imgui\backends\imgui_impl_dx11.h">
      <Filter>Header Files</Filter>
    </ClInclude>
    <ClInclude Include="extern\imgui\backends\imgui_impl_win32.h">
      <Filter>Header Files</Filter>
    </ClInclude>
    <ClInclude Include="extern\imgui\imconfig.h">
      <Filter>Header Files</Filter>
    </ClInclude>
    <ClInclude Include="extern\imgui\imgui.h">
      <Filter>Header Files</Filter>
    </ClInclude>
    <ClInclude Include="extern\imgui\imgui_freetype.h">
      <Filter>Header Files</Filter>
    </ClInclude>
    <ClInclude Include="extern\imgui\imgui_internal.h">
      <Filter>Header Files</Filter>
    </ClInclude>
    <ClInclude Include="extern\imgui\imstb_rectpack.h">
      <Filter>Header Files</Filter>
    </ClInclude>
    <ClInclude Include="extern\imgui\imstb_textedit.h">
      <Filter>Header Files</Filter>
    </ClInclude>
    <ClInclude Include="extern\imgui\imstb_truetype.h">
      <Filter>Header Files</Filter>
    </ClInclude>
    <ClInclude Include="extern\imgui\misc\cpp\imgui_stdlib.h">
      <Filter>Header Files</Filter>
    </ClInclude>
    <ClInclude Include="extern\imgui\misc\freetype\imgui_freetype.h">
      <Filter>Header Files</Filter>
    </ClInclude>
    <ClInclude Include="extern\imgui\misc\single_file\imgui_single_file.h">
      <Filter>Header Files</Filter>
    </ClInclude>
    <ClInclude Include="extern\resources\fonts\font_consolas_bold.h">
      <Filter>Header Files</Filter>
    </ClInclude>
    <ClInclude Include="extern\resources\fonts\font_consolas_regular.h">
      <Filter>Header Files</Filter>
    </ClInclude>
    <ClInclude Include="extern\resources\fonts\font_smallest_pixel-7.h">
      <Filter>Header Files</Filter>
    </ClInclude>
    <ClInclude Include="extern\resources\fonts\font_verdana_bold.h">
      <Filter>Header Files</Filter>
    </ClInclude>
    <ClInclude Include="extern\resources\fonts\font_verdana_regular.h">
      <Filter>Header Files</Filter>
    </ClInclude>
    <ClInclude Include="extern\simplemaths\SimpleMath.h">
      <Filter>Header Files</Filter>
    </ClInclude>
    <ClInclude Include="extern\text_editor\TextEditor.h">
      <Filter>Header Files</Filter>
    </ClInclude>
    <ClInclude Include="source\cache\local_player_cache.h">
      <Filter>Header Files</Filter>
    </ClInclude>
    <ClInclude Include="source\cache\player_cache.h">
      <Filter>Header Files</Filter>
    </ClInclude>
    <ClInclude Include="source\cache\player_parts.h">
      <Filter>Header Files</Filter>
    </ClInclude>
    <ClInclude Include="source\cache\dead_body_cache.h">
      <Filter>Header Files</Filter>
    </ClInclude>
    <ClInclude Include="source\configs\config_manager.h">
      <Filter>Header Files</Filter>
    </ClInclude>
    <ClInclude Include="source\lua\datamodel.h">
      <Filter>Header Files</Filter>
    </ClInclude>
    <ClInclude Include="source\lua\instance.h">
      <Filter>Header Files</Filter>
    </ClInclude>
    <ClInclude Include="source\lua\lua_console.h">
      <Filter>Header Files</Filter>
    </ClInclude>
    <ClInclude Include="source\lua\lua_drawing.h">
      <Filter>Header Files</Filter>
    </ClInclude>
    <ClInclude Include="source\lua\lua_ui_bridge.h">
      <Filter>Header Files</Filter>
    </ClInclude>
    <ClInclude Include="source\lua\lua_vm.h">
      <Filter>Header Files</Filter>
    </ClInclude>
    <ClInclude Include="source\lua\script_storage.h">
      <Filter>Header Files</Filter>
    </ClInclude>
    <ClInclude Include="source\lua\services_lighting.h">
      <Filter>Header Files</Filter>
    </ClInclude>
    <ClInclude Include="source\lua\services_players.h">
      <Filter>Header Files</Filter>
    </ClInclude>
    <ClInclude Include="source\lua\services_run_service.h">
      <Filter>Header Files</Filter>
    </ClInclude>
    <ClInclude Include="source\lua\services_user_input_service.h">
      <Filter>Header Files</Filter>
    </ClInclude>
    <ClInclude Include="source\lua\services_workspace.h">
      <Filter>Header Files</Filter>
    </ClInclude>
    <ClInclude Include="source\features\aimbot.h">
      <Filter>Header Files</Filter>
    </ClInclude>
    <ClInclude Include="source\features\arm_modifier.h">
      <Filter>Header Files</Filter>
    </ClInclude>
    <ClInclude Include="source\features\esp.h">
      <Filter>Header Files</Filter>
    </ClInclude>
    <ClInclude Include="source\features\free_aim.h">
      <Filter>Header Files</Filter>
    </ClInclude>
    <ClInclude Include="source\features\pf_silent.h">
      <Filter>Header Files</Filter>
    </ClInclude>
    <ClInclude Include="source\features\triggerbot.h">
      <Filter>Header Files</Filter>
    </ClInclude>
    <ClInclude Include="source\features\lighting.h">
      <Filter>Header Files</Filter>
    </ClInclude>
    <ClInclude Include="source\globals\globals.h">
      <Filter>Header Files</Filter>
    </ClInclude>
    <ClInclude Include="source\gui\colors\colors.h">
      <Filter>Header Files</Filter>
    </ClInclude>
    <ClInclude Include="source\gui\fonts\cursor_bytes.h">
      <Filter>Header Files</Filter>
    </ClInclude>
    <ClInclude Include="source\gui\imgui_initialize.h">
      <Filter>Header Files</Filter>
    </ClInclude>
    <ClInclude Include="source\gui\fonts\font_verdana_bold.h">
      <Filter>Header Files</Filter>
    </ClInclude>
    <ClInclude Include="source\gui\fonts\font_verdana_regular.h">
      <Filter>Header Files</Filter>
    </ClInclude>
    <ClInclude Include="source\gui\globals\globals.h">
      <Filter>Header Files</Filter>
    </ClInclude>
    <ClInclude Include="source\gui\menu\menu.h">
      <Filter>Header Files</Filter>
    </ClInclude>
    <ClInclude Include="source\gui\overlay.hpp">
      <Filter>Header Files</Filter>
    </ClInclude>
    <ClInclude Include="source\gui\assistant.h">
      <Filter>Header Files</Filter>
    </ClInclude>
    <ClInclude Include="source\gui\resources\fonts.h">
      <Filter>Header Files</Filter>
    </ClInclude>
    <ClInclude Include="source\gui\widgets\keybind\keybind.h">
      <Filter>Header Files</Filter>
    </ClInclude>
    <ClInclude Include="source\gui\widgets\widgets.h">
      <Filter>Header Files</Filter>
    </ClInclude>
    <ClInclude Include="source\memory\memory.h">
      <Filter>Header Files</Filter>
    </ClInclude>
    <ClInclude Include="source\sdk\camera.h">
      <Filter>Header Files</Filter>
    </ClInclude>
    <ClInclude Include="source\sdk\engine.h">
      <Filter>Header Files</Filter>
    </ClInclude>
    <ClInclude Include="source\sdk\humanoid.h">
      <Filter>Header Files</Filter>
    </ClInclude>
    <ClInclude Include="source\sdk\instance.h">
      <Filter>Header Files</Filter>
    </ClInclude>
    <ClInclude Include="source\sdk\mesh_part.h">
      <Filter>Header Files</Filter>
    </ClInclude>
    <ClInclude Include="source\sdk\math_types.h">
      <Filter>Header Files</Filter>
    </ClInclude>
    <ClInclude Include="source\sdk\offsets.h">
      <Filter>Header Files</Filter>
    </ClInclude>
    <ClInclude Include="source\sdk\player.h">
      <Filter>Header Files</Filter>
    </ClInclude>
    <ClInclude Include="source\sdk\value.h">
      <Filter>Header Files</Filter>
    </ClInclude>
    <ClInclude Include="source\utils\console.h">
      <Filter>Header Files</Filter>
    </ClInclude>
    <ClInclude Include="source\utils\logger.h">
      <Filter>Header Files</Filter>
    </ClInclude>
    <ClInclude Include="source\utils\window_utils.h">
      <Filter>Header Files</Filter>
    </ClInclude>
    <ClInclude Include="source\sdk\mouse.h">
      <Filter>Header Files</Filter>
    </ClInclude>
    <ClInclude Include="source\features\hacks.h">
      <Filter>Header Files</Filter>
    </ClInclude>
    <ClInclude Include="source\sdk\part.h">
      <Filter>Header Files</Filter>
    </ClInclude>
    <ClInclude Include="extern\auth\auth.h">
      <Filter>Header Files</Filter>
    </ClInclude>
    <ClInclude Include="extern\imgui\stb_image.h">
      <Filter>Header Files</Filter>
    </ClInclude>
    <ClInclude Include="source\features\shooter.h">
      <Filter>Header Files</Filter>
    </ClInclude>
    <ClInclude Include="extern\tinygltf\tiny_gltf.h">
      <Filter>Header Files</Filter>
    </ClInclude>
    <ClInclude Include="extern\tinygltf\json.hpp">
      <Filter>Header Files</Filter>
    </ClInclude>
    <ClInclude Include="extern\tinygltf\stb_image.h">
      <Filter>Header Files</Filter>
    </ClInclude>
    <ClInclude Include="extern\tinygltf\stb_image_write.h">
      <Filter>Header Files</Filter>
    </ClInclude>
    <ClInclude Include="source\features\visibility.h">
      <Filter>Header Files</Filter>
    </ClInclude>
    <ClInclude Include="source\memory\nt_write.h">
      <Filter>Header Files</Filter>
    </ClInclude>
    <ClInclude Include="source\features\tests.h">
      <Filter>Header Files</Filter>
    </ClInclude>
    <ClInclude Include="source\lua\lua_ui.h">
      <Filter>Header Files</Filter>
    </ClInclude>
  </ItemGroup>
</Project>